
Microsoft Visual Studio Solution File, Format Version 12.00
# Visual Studio 15
VisualStudioVersion = 15.0.28010.2026
MinimumVisualStudioVersion = 10.0.40219.1
Project("{FAE04EC0-301F-11D3-BF4B-00C04F79EFBC}") = "Rope", "Rope\Rope.csproj", "{2C396C2A-88F1-40B6-9876-92E22D979F84}"
EndProject
Global
	GlobalSection(SolutionConfigurationPlatforms) = preSolution
		Debug|Any CPU = Debug|Any CPU
		Release|Any CPU = Release|Any CPU
	EndGlobalSection
	GlobalSection(ProjectConfigurationPlatforms) = postSolution
		{2C396C2A-88F1-40B6-9876-92E22D979F84}.Debug|Any CPU.ActiveCfg = Debug|Any CPU
		{2C396C2A-88F1-40B6-9876-92E22D979F84}.Debug|Any CPU.Build.0 = Debug|Any CPU
		{2C396C2A-88F1-40B6-9876-92E22D979F84}.Release|Any CPU.ActiveCfg = Release|Any CPU
		{2C396C2A-88F1-40B6-9876-92E22D979F84}.Release|Any CPU.Build.0 = Release|Any CPU
	EndGlobalSection
	GlobalSection(SolutionProperties) = preSolution
		HideSolutionNode = FALSE
	EndGlobalSection
	GlobalSection(ExtensibilityGlobals) = postSolution
		SolutionGuid = {22FF20BA-74FE-4EC7-B0D5-FAF1B94DD1AF}
	EndGlobalSection
EndGlobal
