
Microsoft Visual Studio Solution File, Format Version 12.00
# Visual Studio Express 15 for Windows Desktop
VisualStudioVersion = 15.0.27130.2020
MinimumVisualStudioVersion = 10.0.40219.1
Project("{FAE04EC0-301F-11D3-BF4B-00C04F79EFBC}") = "Assignment1", "Assignment1\Assignment1.csproj", "{8BF6A5AE-09CD-4C06-B5B4-06ECE4D5491E}"
EndProject
Global
	GlobalSection(SolutionConfigurationPlatforms) = preSolution
		Debug|Any CPU = Debug|Any CPU
		Release|Any CPU = Release|Any CPU
	EndGlobalSection
	GlobalSection(ProjectConfigurationPlatforms) = postSolution
		{8BF6A5AE-09CD-4C06-B5B4-06ECE4D5491E}.Debug|Any CPU.ActiveCfg = Debug|Any CPU
		{8BF6A5AE-09CD-4C06-B5B4-06ECE4D5491E}.Debug|Any CPU.Build.0 = Debug|Any CPU
		{8BF6A5AE-09CD-4C06-B5B4-06ECE4D5491E}.Release|Any CPU.ActiveCfg = Release|Any CPU
		{8BF6A5AE-09CD-4C06-B5B4-06ECE4D5491E}.Release|Any CPU.Build.0 = Release|Any CPU
	EndGlobalSection
	GlobalSection(SolutionProperties) = preSolution
		HideSolutionNode = FALSE
	EndGlobalSection
	GlobalSection(ExtensibilityGlobals) = postSolution
		SolutionGuid = {F387AB08-A38E-405C-81E4-849DAC941348}
	EndGlobalSection
EndGlobal
