
Microsoft Visual Studio Solution File, Format Version 12.00
# Visual Studio Express 15 for Windows Desktop
VisualStudioVersion = 15.0.27130.2020
MinimumVisualStudioVersion = 10.0.40219.1
Project("{FAE04EC0-301F-11D3-BF4B-00C04F79EFBC}") = "Lab4_2", "Lab4_2\Lab4_2.csproj", "{EBCC7A91-FBAF-4FF2-B98B-17DB8E26C106}"
EndProject
Global
	GlobalSection(SolutionConfigurationPlatforms) = preSolution
		Debug|Any CPU = Debug|Any CPU
		Release|Any CPU = Release|Any CPU
	EndGlobalSection
	GlobalSection(ProjectConfigurationPlatforms) = postSolution
		{EBCC7A91-FBAF-4FF2-B98B-17DB8E26C106}.Debug|Any CPU.ActiveCfg = Debug|Any CPU
		{EBCC7A91-FBAF-4FF2-B98B-17DB8E26C106}.Debug|Any CPU.Build.0 = Debug|Any CPU
		{EBCC7A91-FBAF-4FF2-B98B-17DB8E26C106}.Release|Any CPU.ActiveCfg = Release|Any CPU
		{EBCC7A91-FBAF-4FF2-B98B-17DB8E26C106}.Release|Any CPU.Build.0 = Release|Any CPU
	EndGlobalSection
	GlobalSection(SolutionProperties) = preSolution
		HideSolutionNode = FALSE
	EndGlobalSection
	GlobalSection(ExtensibilityGlobals) = postSolution
		SolutionGuid = {7E13912F-D051-403C-BFF9-203FFF18AC36}
	EndGlobalSection
EndGlobal
