
Microsoft Visual Studio Solution File, Format Version 12.00
# Visual Studio Express 15 for Windows Desktop
VisualStudioVersion = 15.0.27130.2020
MinimumVisualStudioVersion = 10.0.40219.1
Project("{FAE04EC0-301F-11D3-BF4B-00C04F79EFBC}") = "Lab1_1", "Lab1_1\Lab1_1.csproj", "{3FCB02E9-0D2E-4C85-BB55-266F52D602BA}"
EndProject
Global
	GlobalSection(SolutionConfigurationPlatforms) = preSolution
		Debug|Any CPU = Debug|Any CPU
		Release|Any CPU = Release|Any CPU
	EndGlobalSection
	GlobalSection(ProjectConfigurationPlatforms) = postSolution
		{3FCB02E9-0D2E-4C85-BB55-266F52D602BA}.Debug|Any CPU.ActiveCfg = Debug|Any CPU
		{3FCB02E9-0D2E-4C85-BB55-266F52D602BA}.Debug|Any CPU.Build.0 = Debug|Any CPU
		{3FCB02E9-0D2E-4C85-BB55-266F52D602BA}.Release|Any CPU.ActiveCfg = Release|Any CPU
		{3FCB02E9-0D2E-4C85-BB55-266F52D602BA}.Release|Any CPU.Build.0 = Release|Any CPU
	EndGlobalSection
	GlobalSection(SolutionProperties) = preSolution
		HideSolutionNode = FALSE
	EndGlobalSection
	GlobalSection(ExtensibilityGlobals) = postSolution
		SolutionGuid = {8175FEF0-B790-4394-ADD4-FC61AF4A44FA}
	EndGlobalSection
EndGlobal
