
Microsoft Visual Studio Solution File, Format Version 12.00
# Visual Studio Express 15 for Windows Desktop
VisualStudioVersion = 15.0.28010.2026
MinimumVisualStudioVersion = 10.0.40219.1
Project("{FAE04EC0-301F-11D3-BF4B-00C04F79EFBC}") = "Assignment1", "Assignment1\Assignment1.csproj", "{A5C978CA-C249-4EF0-8BE2-9A05080AD790}"
EndProject
Global
	GlobalSection(SolutionConfigurationPlatforms) = preSolution
		Debug|Any CPU = Debug|Any CPU
		Release|Any CPU = Release|Any CPU
	EndGlobalSection
	GlobalSection(ProjectConfigurationPlatforms) = postSolution
		{A5C978CA-C249-4EF0-8BE2-9A05080AD790}.Debug|Any CPU.ActiveCfg = Debug|Any CPU
		{A5C978CA-C249-4EF0-8BE2-9A05080AD790}.Debug|Any CPU.Build.0 = Debug|Any CPU
		{A5C978CA-C249-4EF0-8BE2-9A05080AD790}.Release|Any CPU.ActiveCfg = Release|Any CPU
		{A5C978CA-C249-4EF0-8BE2-9A05080AD790}.Release|Any CPU.Build.0 = Release|Any CPU
	EndGlobalSection
	GlobalSection(SolutionProperties) = preSolution
		HideSolutionNode = FALSE
	EndGlobalSection
	GlobalSection(ExtensibilityGlobals) = postSolution
		SolutionGuid = {4CA98C1B-494B-47C7-9949-412601192005}
	EndGlobalSection
EndGlobal
