
Microsoft Visual Studio Solution File, Format Version 12.00
# Visual Studio Express 15 for Windows Desktop
VisualStudioVersion = 15.0.28010.2026
MinimumVisualStudioVersion = 10.0.40219.1
Project("{8BC9CEB8-8B4A-11D0-8D11-00A0C91BC942}") = "Lab7", "Lab7\Lab7.vcxproj", "{11AF9095-70B3-49E2-B9EC-E5DD8CBBFA46}"
EndProject
Global
	GlobalSection(SolutionConfigurationPlatforms) = preSolution
		Debug|x64 = Debug|x64
		Debug|x86 = Debug|x86
		Release|x64 = Release|x64
		Release|x86 = Release|x86
	EndGlobalSection
	GlobalSection(ProjectConfigurationPlatforms) = postSolution
		{11AF9095-70B3-49E2-B9EC-E5DD8CBBFA46}.Debug|x64.ActiveCfg = Debug|x64
		{11AF9095-70B3-49E2-B9EC-E5DD8CBBFA46}.Debug|x64.Build.0 = Debug|x64
		{11AF9095-70B3-49E2-B9EC-E5DD8CBBFA46}.Debug|x86.ActiveCfg = Debug|Win32
		{11AF9095-70B3-49E2-B9EC-E5DD8CBBFA46}.Debug|x86.Build.0 = Debug|Win32
		{11AF9095-70B3-49E2-B9EC-E5DD8CBBFA46}.Release|x64.ActiveCfg = Release|x64
		{11AF9095-70B3-49E2-B9EC-E5DD8CBBFA46}.Release|x64.Build.0 = Release|x64
		{11AF9095-70B3-49E2-B9EC-E5DD8CBBFA46}.Release|x86.ActiveCfg = Release|Win32
		{11AF9095-70B3-49E2-B9EC-E5DD8CBBFA46}.Release|x86.Build.0 = Release|Win32
	EndGlobalSection
	GlobalSection(SolutionProperties) = preSolution
		HideSolutionNode = FALSE
	EndGlobalSection
	GlobalSection(ExtensibilityGlobals) = postSolution
		SolutionGuid = {268718D5-D847-4E81-8543-47EC9DDD6476}
	EndGlobalSection
EndGlobal
