
Microsoft Visual Studio Solution File, Format Version 12.00
# Visual Studio Express 15 for Windows Desktop
VisualStudioVersion = 15.0.27130.2020
MinimumVisualStudioVersion = 10.0.40219.1
Project("{FAE04EC0-301F-11D3-BF4B-00C04F79EFBC}") = "Assignment4", "Assignment4\Assignment4.csproj", "{DFA5B346-AF61-4FD7-A21E-CB6FD32242CD}"
EndProject
Global
	GlobalSection(SolutionConfigurationPlatforms) = preSolution
		Debug|Any CPU = Debug|Any CPU
		Release|Any CPU = Release|Any CPU
	EndGlobalSection
	GlobalSection(ProjectConfigurationPlatforms) = postSolution
		{DFA5B346-AF61-4FD7-A21E-CB6FD32242CD}.Debug|Any CPU.ActiveCfg = Debug|Any CPU
		{DFA5B346-AF61-4FD7-A21E-CB6FD32242CD}.Debug|Any CPU.Build.0 = Debug|Any CPU
		{DFA5B346-AF61-4FD7-A21E-CB6FD32242CD}.Release|Any CPU.ActiveCfg = Release|Any CPU
		{DFA5B346-AF61-4FD7-A21E-CB6FD32242CD}.Release|Any CPU.Build.0 = Release|Any CPU
	EndGlobalSection
	GlobalSection(SolutionProperties) = preSolution
		HideSolutionNode = FALSE
	EndGlobalSection
	GlobalSection(ExtensibilityGlobals) = postSolution
		SolutionGuid = {A09D8ACB-CFE4-4693-94F4-2257E6788AF8}
	EndGlobalSection
EndGlobal
